
Microsoft Visual Studio Solution File, Format Version 12.00
# Visual Studio 2013
VisualStudioVersion = 12.0.31101.0
MinimumVisualStudioVersion = 10.0.40219.1
Project("{FAE04EC0-301F-11D3-BF4B-00C04F79EFBC}") = "WebCrawler.Domain", "WebCrawler.Domain\WebCrawler.Domain.csproj", "{1E60E05B-C090-467D-B894-CEFCC46B4837}"
EndProject
Project("{FAE04EC0-301F-11D3-BF4B-00C04F79EFBC}") = "WebCrawler.Domain.Tests.Integration", "WebCrawler.Domain.Tests.Integration\WebCrawler.Domain.Tests.Integration.csproj", "{BD119E42-4C94-4754-9A7B-B8F877446F01}"
EndProject
Project("{FAE04EC0-301F-11D3-BF4B-00C04F79EFBC}") = "WebCrawler.Domain.Tests.Unit", "WebCrawler.Domain.Tests.Unit\WebCrawler.Domain.Tests.Unit.csproj", "{3632CDE9-3836-47C1-BBD2-C5294833033B}"
EndProject
Global
	GlobalSection(SolutionConfigurationPlatforms) = preSolution
		Debug|Any CPU = Debug|Any CPU
		Release|Any CPU = Release|Any CPU
	EndGlobalSection
	GlobalSection(ProjectConfigurationPlatforms) = postSolution
		{1E60E05B-C090-467D-B894-CEFCC46B4837}.Debug|Any CPU.ActiveCfg = Debug|Any CPU
		{1E60E05B-C090-467D-B894-CEFCC46B4837}.Debug|Any CPU.Build.0 = Debug|Any CPU
		{1E60E05B-C090-467D-B894-CEFCC46B4837}.Release|Any CPU.ActiveCfg = Release|Any CPU
		{1E60E05B-C090-467D-B894-CEFCC46B4837}.Release|Any CPU.Build.0 = Release|Any CPU
		{BD119E42-4C94-4754-9A7B-B8F877446F01}.Debug|Any CPU.ActiveCfg = Debug|Any CPU
		{BD119E42-4C94-4754-9A7B-B8F877446F01}.Debug|Any CPU.Build.0 = Debug|Any CPU
		{BD119E42-4C94-4754-9A7B-B8F877446F01}.Release|Any CPU.ActiveCfg = Release|Any CPU
		{BD119E42-4C94-4754-9A7B-B8F877446F01}.Release|Any CPU.Build.0 = Release|Any CPU
		{3632CDE9-3836-47C1-BBD2-C5294833033B}.Debug|Any CPU.ActiveCfg = Debug|Any CPU
		{3632CDE9-3836-47C1-BBD2-C5294833033B}.Debug|Any CPU.Build.0 = Debug|Any CPU
		{3632CDE9-3836-47C1-BBD2-C5294833033B}.Release|Any CPU.ActiveCfg = Release|Any CPU
		{3632CDE9-3836-47C1-BBD2-C5294833033B}.Release|Any CPU.Build.0 = Release|Any CPU
	EndGlobalSection
	GlobalSection(SolutionProperties) = preSolution
		HideSolutionNode = FALSE
	EndGlobalSection
EndGlobal
